// !$*UTF8*$!
{
	archiveVersion = 1;
	classes = {
	};
	objectVersion = 50;
	objects = {

/* Begin PBXBuildFile section */
		84954E6724BC0E01001F5C3D /* AppDelegate.swift in Sources */ = {isa = PBXBuildFile; fileRef = 84954E6624BC0E01001F5C3D /* AppDelegate.swift */; };
		84954E6924BC0E01001F5C3D /* SceneDelegate.swift in Sources */ = {isa = PBXBuildFile; fileRef = 84954E6824BC0E01001F5C3D /* SceneDelegate.swift */; };
		84954E6B24BC0E01001F5C3D /* ContentView.swift in Sources */ = {isa = PBXBuildFile; fileRef = 84954E6A24BC0E01001F5C3D /* ContentView.swift */; };
		84954E6D24BC0E03001F5C3D /* Assets.xcassets in Resources */ = {isa = PBXBuildFile; fileRef = 84954E6C24BC0E03001F5C3D /* Assets.xcassets */; };
		84954E7024BC0E03001F5C3D /* Preview Assets.xcassets in Resources */ = {isa = PBXBuildFile; fileRef = 84954E6F24BC0E03001F5C3D /* Preview Assets.xcassets */; };
		84954E7324BC0E03001F5C3D /* LaunchScreen.storyboard in Resources */ = {isa = PBXBuildFile; fileRef = 84954E7124BC0E03001F5C3D /* LaunchScreen.storyboard */; };
		84954E7E24BC0E03001F5C3D /* _1_SwiftUITests.swift in Sources */ = {isa = PBXBuildFile; fileRef = 84954E7D24BC0E03001F5C3D /* _1_SwiftUITests.swift */; };
		84954E8924BC0E03001F5C3D /* _1_SwiftUIUITests.swift in Sources */ = {isa = PBXBuildFile; fileRef = 84954E8824BC0E03001F5C3D /* _1_SwiftUIUITests.swift */; };
		84954E9724BC3D0B001F5C3D /* CaculatorButtonItem.swift in Sources */ = {isa = PBXBuildFile; fileRef = 84954E9624BC3D0B001F5C3D /* CaculatorButtonItem.swift */; };
/* End PBXBuildFile section */

/* Begin PBXContainerItemProxy section */
		84954E7A24BC0E03001F5C3D /* PBXContainerItemProxy */ = {
			isa = PBXContainerItemProxy;
			containerPortal = 84954E5B24BC0E01001F5C3D /* Project object */;
			proxyType = 1;
			remoteGlobalIDString = 84954E6224BC0E01001F5C3D;
			remoteInfo = 01_SwiftUI;
		};
		84954E8524BC0E03001F5C3D /* PBXContainerItemProxy */ = {
			isa = PBXContainerItemProxy;
			containerPortal = 84954E5B24BC0E01001F5C3D /* Project object */;
			proxyType = 1;
			remoteGlobalIDString = 84954E6224BC0E01001F5C3D;
			remoteInfo = 01_SwiftUI;
		};
/* End PBXContainerItemProxy section */

/* Begin PBXFileReference section */
		84954E6324BC0E01001F5C3D /* 01_SwiftUI.app */ = {isa = PBXFileReference; explicitFileType = wrapper.application; includeInIndex = 0; path = 01_SwiftUI.app; sourceTree = BUILT_PRODUCTS_DIR; };
		84954E6624BC0E01001F5C3D /* AppDelegate.swift */ = {isa = PBXFileReference; lastKnownFileType = sourcecode.swift; path = AppDelegate.swift; sourceTree = "<group>"; };
		84954E6824BC0E01001F5C3D /* SceneDelegate.swift */ = {isa = PBXFileReference; lastKnownFileType = sourcecode.swift; path = SceneDelegate.swift; sourceTree = "<group>"; };
		84954E6A24BC0E01001F5C3D /* ContentView.swift */ = {isa = PBXFileReference; lastKnownFileType = sourcecode.swift; path = ContentView.swift; sourceTree = "<group>"; };
		84954E6C24BC0E03001F5C3D /* Assets.xcassets */ = {isa = PBXFileReference; lastKnownFileType = folder.assetcatalog; path = Assets.xcassets; sourceTree = "<group>"; };
		84954E6F24BC0E03001F5C3D /* Preview Assets.xcassets */ = {isa = PBXFileReference; lastKnownFileType = folder.assetcatalog; path = "Preview Assets.xcassets"; sourceTree = "<group>"; };
		84954E7224BC0E03001F5C3D /* Base */ = {isa = PBXFileReference; lastKnownFileType = file.storyboard; name = Base; path = Base.lproj/LaunchScreen.storyboard; sourceTree = "<group>"; };
		84954E7424BC0E03001F5C3D /* Info.plist */ = {isa = PBXFileReference; lastKnownFileType = text.plist.xml; path = Info.plist; sourceTree = "<group>"; };
		84954E7924BC0E03001F5C3D /* 01_SwiftUITests.xctest */ = {isa = PBXFileReference; explicitFileType = wrapper.cfbundle; includeInIndex = 0; path = 01_SwiftUITests.xctest; sourceTree = BUILT_PRODUCTS_DIR; };
		84954E7D24BC0E03001F5C3D /* _1_SwiftUITests.swift */ = {isa = PBXFileReference; lastKnownFileType = sourcecode.swift; path = _1_SwiftUITests.swift; sourceTree = "<group>"; };
		84954E7F24BC0E03001F5C3D /* Info.plist */ = {isa = PBXFileReference; lastKnownFileType = text.plist.xml; path = Info.plist; sourceTree = "<group>"; };
		84954E8424BC0E03001F5C3D /* 01_SwiftUIUITests.xctest */ = {isa = PBXFileReference; explicitFileType = wrapper.cfbundle; includeInIndex = 0; path = 01_SwiftUIUITests.xctest; sourceTree = BUILT_PRODUCTS_DIR; };
		84954E8824BC0E03001F5C3D /* _1_SwiftUIUITests.swift */ = {isa = PBXFileReference; lastKnownFileType = sourcecode.swift; path = _1_SwiftUIUITests.swift; sourceTree = "<group>"; };
		84954E8A24BC0E03001F5C3D /* Info.plist */ = {isa = PBXFileReference; lastKnownFileType = text.plist.xml; path = Info.plist; sourceTree = "<group>"; };
		84954E9624BC3D0B001F5C3D /* CaculatorButtonItem.swift */ = {isa = PBXFileReference; lastKnownFileType = sourcecode.swift; path = CaculatorButtonItem.swift; sourceTree = "<group>"; };
/* End PBXFileReference section */

/* Begin PBXFrameworksBuildPhase section */
		84954E6024BC0E01001F5C3D /* Frameworks */ = {
			isa = PBXFrameworksBuildPhase;
			buildActionMask = 2147483647;
			files = (
			);
			runOnlyForDeploymentPostprocessing = 0;
		};
		84954E7624BC0E03001F5C3D /* Frameworks */ = {
			isa = PBXFrameworksBuildPhase;
			buildActionMask = 2147483647;
			files = (
			);
			runOnlyForDeploymentPostprocessing = 0;
		};
		84954E8124BC0E03001F5C3D /* Frameworks */ = {
			isa = PBXFrameworksBuildPhase;
			buildActionMask = 2147483647;
			files = (
			);
			runOnlyForDeploymentPostprocessing = 0;
		};
/* End PBXFrameworksBuildPhase section */

/* Begin PBXGroup section */
		84954E5A24BC0E01001F5C3D = {
			isa = PBXGroup;
			children = (
				84954E6524BC0E01001F5C3D /* 01_SwiftUI */,
				84954E7C24BC0E03001F5C3D /* 01_SwiftUITests */,
				84954E8724BC0E03001F5C3D /* 01_SwiftUIUITests */,
				84954E6424BC0E01001F5C3D /* Products */,
			);
			sourceTree = "<group>";
		};
		84954E6424BC0E01001F5C3D /* Products */ = {
			isa = PBXGroup;
			children = (
				84954E6324BC0E01001F5C3D /* 01_SwiftUI.app */,
				84954E7924BC0E03001F5C3D /* 01_SwiftUITests.xctest */,
				84954E8424BC0E03001F5C3D /* 01_SwiftUIUITests.xctest */,
			);
			name = Products;
			sourceTree = "<group>";
		};
		84954E6524BC0E01001F5C3D /* 01_SwiftUI */ = {
			isa = PBXGroup;
			children = (
				84954E6624BC0E01001F5C3D /* AppDelegate.swift */,
				84954E6824BC0E01001F5C3D /* SceneDelegate.swift */,
				84954E6A24BC0E01001F5C3D /* ContentView.swift */,
				84954E9624BC3D0B001F5C3D /* CaculatorButtonItem.swift */,
				84954E6C24BC0E03001F5C3D /* Assets.xcassets */,
				84954E7124BC0E03001F5C3D /* LaunchScreen.storyboard */,
				84954E7424BC0E03001F5C3D /* Info.plist */,
				84954E6E24BC0E03001F5C3D /* Preview Content */,
			);
			path = 01_SwiftUI;
			sourceTree = "<group>";
		};
		84954E6E24BC0E03001F5C3D /* Preview Content */ = {
			isa = PBXGroup;
			children = (
				84954E6F24BC0E03001F5C3D /* Preview Assets.xcassets */,
			);
			path = "Preview Content";
			sourceTree = "<group>";
		};
		84954E7C24BC0E03001F5C3D /* 01_SwiftUITests */ = {
			isa = PBXGroup;
			children = (
				84954E7D24BC0E03001F5C3D /* _1_SwiftUITests.swift */,
				84954E7F24BC0E03001F5C3D /* Info.plist */,
			);
			path = 01_SwiftUITests;
			sourceTree = "<group>";
		};
		84954E8724BC0E03001F5C3D /* 01_SwiftUIUITests */ = {
			isa = PBXGroup;
			children = (
				84954E8824BC0E03001F5C3D /* _1_SwiftUIUITests.swift */,
				84954E8A24BC0E03001F5C3D /* Info.plist */,
			);
			path = 01_SwiftUIUITests;
			sourceTree = "<group>";
		};
/* End PBXGroup section */

/* Begin PBXNativeTarget section */
		84954E6224BC0E01001F5C3D /* 01_SwiftUI */ = {
			isa = PBXNativeTarget;
			buildConfigurationList = 84954E8D24BC0E03001F5C3D /* Build configuration list for PBXNativeTarget "01_SwiftUI" */;
			buildPhases = (
				84954E5F24BC0E01001F5C3D /* Sources */,
				84954E6024BC0E01001F5C3D /* Frameworks */,
				84954E6124BC0E01001F5C3D /* Resources */,
			);
			buildRules = (
			);
			dependencies = (
			);
			name = 01_SwiftUI;
			productName = 01_SwiftUI;
			productReference = 84954E6324BC0E01001F5C3D /* 01_SwiftUI.app */;
			productType = "com.apple.product-type.application";
		};
		84954E7824BC0E03001F5C3D /* 01_SwiftUITests */ = {
			isa = PBXNativeTarget;
			buildConfigurationList = 84954E9024BC0E03001F5C3D /* Build configuration list for PBXNativeTarget "01_SwiftUITests" */;
			buildPhases = (
				84954E7524BC0E03001F5C3D /* Sources */,
				84954E7624BC0E03001F5C3D /* Frameworks */,
				84954E7724BC0E03001F5C3D /* Resources */,
			);
			buildRules = (
			);
			dependencies = (
				84954E7B24BC0E03001F5C3D /* PBXTargetDependency */,
			);
			name = 01_SwiftUITests;
			productName = 01_SwiftUITests;
			productReference = 84954E7924BC0E03001F5C3D /* 01_SwiftUITests.xctest */;
			productType = "com.apple.product-type.bundle.unit-test";
		};
		84954E8324BC0E03001F5C3D /* 01_SwiftUIUITests */ = {
			isa = PBXNativeTarget;
			buildConfigurationList = 84954E9324BC0E03001F5C3D /* Build configuration list for PBXNativeTarget "01_SwiftUIUITests" */;
			buildPhases = (
				84954E8024BC0E03001F5C3D /* Sources */,
				84954E8124BC0E03001F5C3D /* Frameworks */,
				84954E8224BC0E03001F5C3D /* Resources */,
			);
			buildRules = (
			);
			dependencies = (
				84954E8624BC0E03001F5C3D /* PBXTargetDependency */,
			);
			name = 01_SwiftUIUITests;
			productName = 01_SwiftUIUITests;
			productReference = 84954E8424BC0E03001F5C3D /* 01_SwiftUIUITests.xctest */;
			productType = "com.apple.product-type.bundle.ui-testing";
		};
/* End PBXNativeTarget section */

/* Begin PBXProject section */
		84954E5B24BC0E01001F5C3D /* Project object */ = {
			isa = PBXProject;
			attributes = {
				LastSwiftUpdateCheck = 1150;
				LastUpgradeCheck = 1150;
				ORGANIZATIONNAME = KM;
				TargetAttributes = {
					84954E6224BC0E01001F5C3D = {
						CreatedOnToolsVersion = 11.5;
					};
					84954E7824BC0E03001F5C3D = {
						CreatedOnToolsVersion = 11.5;
						TestTargetID = 84954E6224BC0E01001F5C3D;
					};
					84954E8324BC0E03001F5C3D = {
						CreatedOnToolsVersion = 11.5;
						TestTargetID = 84954E6224BC0E01001F5C3D;
					};
				};
			};
			buildConfigurationList = 84954E5E24BC0E01001F5C3D /* Build configuration list for PBXProject "01_SwiftUI" */;
			compatibilityVersion = "Xcode 9.3";
			developmentRegion = en;
			hasScannedForEncodings = 0;
			knownRegions = (
				en,
				Base,
			);
			mainGroup = 84954E5A24BC0E01001F5C3D;
			productRefGroup = 84954E6424BC0E01001F5C3D /* Products */;
			projectDirPath = "";
			projectRoot = "";
			targets = (
				84954E6224BC0E01001F5C3D /* 01_SwiftUI */,
				84954E7824BC0E03001F5C3D /* 01_SwiftUITests */,
				84954E8324BC0E03001F5C3D /* 01_SwiftUIUITests */,
			);
		};
/* End PBXProject section */

/* Begin PBXResourcesBuildPhase section */
		84954E6124BC0E01001F5C3D /* Resources */ = {
			isa = PBXResourcesBuildPhase;
			buildActionMask = 2147483647;
			files = (
				84954E7324BC0E03001F5C3D /* LaunchScreen.storyboard in Resources */,
				84954E7024BC0E03001F5C3D /* Preview Assets.xcassets in Resources */,
				84954E6D24BC0E03001F5C3D /* Assets.xcassets in Resources */,
			);
			runOnlyForDeploymentPostprocessing = 0;
		};
		84954E7724BC0E03001F5C3D /* Resources */ = {
			isa = PBXResourcesBuildPhase;
			buildActionMask = 2147483647;
			files = (
			);
			runOnlyForDeploymentPostprocessing = 0;
		};
		84954E8224BC0E03001F5C3D /* Resources */ = {
			isa = PBXResourcesBuildPhase;
			buildActionMask = 2147483647;
			files = (
			);
			runOnlyForDeploymentPostprocessing = 0;
		};
/* End PBXResourcesBuildPhase section */

/* Begin PBXSourcesBuildPhase section */
		84954E5F24BC0E01001F5C3D /* Sources */ = {
			isa = PBXSourcesBuildPhase;
			buildActionMask = 2147483647;
			files = (
				84954E6724BC0E01001F5C3D /* AppDelegate.swift in Sources */,
				84954E9724BC3D0B001F5C3D /* CaculatorButtonItem.swift in Sources */,
				84954E6924BC0E01001F5C3D /* SceneDelegate.swift in Sources */,
				84954E6B24BC0E01001F5C3D /* ContentView.swift in Sources */,
			);
			runOnlyForDeploymentPostprocessing = 0;
		};
		84954E7524BC0E03001F5C3D /* Sources */ = {
			isa = PBXSourcesBuildPhase;
			buildActionMask = 2147483647;
			files = (
				84954E7E24BC0E03001F5C3D /* _1_SwiftUITests.swift in Sources */,
			);
			runOnlyForDeploymentPostprocessing = 0;
		};
		84954E8024BC0E03001F5C3D /* Sources */ = {
			isa = PBXSourcesBuildPhase;
			buildActionMask = 2147483647;
			files = (
				84954E8924BC0E03001F5C3D /* _1_SwiftUIUITests.swift in Sources */,
			);
			runOnlyForDeploymentPostprocessing = 0;
		};
/* End PBXSourcesBuildPhase section */

/* Begin PBXTargetDependency section */
		84954E7B24BC0E03001F5C3D /* PBXTargetDependency */ = {
			isa = PBXTargetDependency;
			target = 84954E6224BC0E01001F5C3D /* 01_SwiftUI */;
			targetProxy = 84954E7A24BC0E03001F5C3D /* PBXContainerItemProxy */;
		};
		84954E8624BC0E03001F5C3D /* PBXTargetDependency */ = {
			isa = PBXTargetDependency;
			target = 84954E6224BC0E01001F5C3D /* 01_SwiftUI */;
			targetProxy = 84954E8524BC0E03001F5C3D /* PBXContainerItemProxy */;
		};
/* End PBXTargetDependency section */

/* Begin PBXVariantGroup section */
		84954E7124BC0E03001F5C3D /* LaunchScreen.storyboard */ = {
			isa = PBXVariantGroup;
			children = (
				84954E7224BC0E03001F5C3D /* Base */,
			);
			name = LaunchScreen.storyboard;
			sourceTree = "<group>";
		};
/* End PBXVariantGroup section */

/* Begin XCBuildConfiguration section */
		84954E8B24BC0E03001F5C3D /* Debug */ = {
			isa = XCBuildConfiguration;
			buildSettings = {
				ALWAYS_SEARCH_USER_PATHS = NO;
				CLANG_ANALYZER_NONNULL = YES;
				CLANG_ANALYZER_NUMBER_OBJECT_CONVERSION = YES_AGGRESSIVE;
				CLANG_CXX_LANGUAGE_STANDARD = "gnu++14";
				CLANG_CXX_LIBRARY = "libc++";
				CLANG_ENABLE_MODULES = YES;
				CLANG_ENABLE_OBJC_ARC = YES;
				CLANG_ENABLE_OBJC_WEAK = YES;
				CLANG_WARN_BLOCK_CAPTURE_AUTORELEASING = YES;
				CLANG_WARN_BOOL_CONVERSION = YES;
				CLANG_WARN_COMMA = YES;
				CLANG_WARN_CONSTANT_CONVERSION = YES;
				CLANG_WARN_DEPRECATED_OBJC_IMPLEMENTATIONS = YES;
				CLANG_WARN_DIRECT_OBJC_ISA_USAGE = YES_ERROR;
				CLANG_WARN_DOCUMENTATION_COMMENTS = YES;
				CLANG_WARN_EMPTY_BODY = YES;
				CLANG_WARN_ENUM_CONVERSION = YES;
				CLANG_WARN_INFINITE_RECURSION = YES;
				CLANG_WARN_INT_CONVERSION = YES;
				CLANG_WARN_NON_LITERAL_NULL_CONVERSION = YES;
				CLANG_WARN_OBJC_IMPLICIT_RETAIN_SELF = YES;
				CLANG_WARN_OBJC_LITERAL_CONVERSION = YES;
				CLANG_WARN_OBJC_ROOT_CLASS = YES_ERROR;
				CLANG_WARN_RANGE_LOOP_ANALYSIS = YES;
				CLANG_WARN_STRICT_PROTOTYPES = YES;
				CLANG_WARN_SUSPICIOUS_MOVE = YES;
				CLANG_WARN_UNGUARDED_AVAILABILITY = YES_AGGRESSIVE;
				CLANG_WARN_UNREACHABLE_CODE = YES;
				CLANG_WARN__DUPLICATE_METHOD_MATCH = YES;
				COPY_PHASE_STRIP = NO;
				DEBUG_INFORMATION_FORMAT = dwarf;
				ENABLE_STRICT_OBJC_MSGSEND = YES;
				ENABLE_TESTABILITY = YES;
				GCC_C_LANGUAGE_STANDARD = gnu11;
				GCC_DYNAMIC_NO_PIC = NO;
				GCC_NO_COMMON_BLOCKS = YES;
				GCC_OPTIMIZATION_LEVEL = 0;
				GCC_PREPROCESSOR_DEFINITIONS = (
					"DEBUG=1",
					"$(inherited)",
				);
				GCC_WARN_64_TO_32_BIT_CONVERSION = YES;
				GCC_WARN_ABOUT_RETURN_TYPE = YES_ERROR;
				GCC_WARN_UNDECLARED_SELECTOR = YES;
				GCC_WARN_UNINITIALIZED_AUTOS = YES_AGGRESSIVE;
				GCC_WARN_UNUSED_FUNCTION = YES;
				GCC_WARN_UNUSED_VARIABLE = YES;
				IPHONEOS_DEPLOYMENT_TARGET = 13.5;
				MTL_ENABLE_DEBUG_INFO = INCLUDE_SOURCE;
				MTL_FAST_MATH = YES;
				ONLY_ACTIVE_ARCH = YES;
				SDKROOT = iphoneos;
				SWIFT_ACTIVE_COMPILATION_CONDITIONS = DEBUG;
				SWIFT_OPTIMIZATION_LEVEL = "-Onone";
			};
			name = Debug;
		};
		84954E8C24BC0E03001F5C3D /* Release */ = {
			isa = XCBuildConfiguration;
			buildSettings = {
				ALWAYS_SEARCH_USER_PATHS = NO;
				CLANG_ANALYZER_NONNULL = YES;
				CLANG_ANALYZER_NUMBER_OBJECT_CONVERSION = YES_AGGRESSIVE;
				CLANG_CXX_LANGUAGE_STANDARD = "gnu++14";
				CLANG_CXX_LIBRARY = "libc++";
				CLANG_ENABLE_MODULES = YES;
				CLANG_ENABLE_OBJC_ARC = YES;
				CLANG_ENABLE_OBJC_WEAK = YES;
				CLANG_WARN_BLOCK_CAPTURE_AUTORELEASING = YES;
				CLANG_WARN_BOOL_CONVERSION = YES;
				CLANG_WARN_COMMA = YES;
				CLANG_WARN_CONSTANT_CONVERSION = YES;
				CLANG_WARN_DEPRECATED_OBJC_IMPLEMENTATIONS = YES;
				CLANG_WARN_DIRECT_OBJC_ISA_USAGE = YES_ERROR;
				CLANG_WARN_DOCUMENTATION_COMMENTS = YES;
				CLANG_WARN_EMPTY_BODY = YES;
				CLANG_WARN_ENUM_CONVERSION = YES;
				CLANG_WARN_INFINITE_RECURSION = YES;
				CLANG_WARN_INT_CONVERSION = YES;
				CLANG_WARN_NON_LITERAL_NULL_CONVERSION = YES;
				CLANG_WARN_OBJC_IMPLICIT_RETAIN_SELF = YES;
				CLANG_WARN_OBJC_LITERAL_CONVERSION = YES;
				CLANG_WARN_OBJC_ROOT_CLASS = YES_ERROR;
				CLANG_WARN_RANGE_LOOP_ANALYSIS = YES;
				CLANG_WARN_STRICT_PROTOTYPES = YES;
				CLANG_WARN_SUSPICIOUS_MOVE = YES;
				CLANG_WARN_UNGUARDED_AVAILABILITY = YES_AGGRESSIVE;
				CLANG_WARN_UNREACHABLE_CODE = YES;
				CLANG_WARN__DUPLICATE_METHOD_MATCH = YES;
				COPY_PHASE_STRIP = NO;
				DEBUG_INFORMATION_FORMAT = "dwarf-with-dsym";
				ENABLE_NS_ASSERTIONS = NO;
				ENABLE_STRICT_OBJC_MSGSEND = YES;
				GCC_C_LANGUAGE_STANDARD = gnu11;
				GCC_NO_COMMON_BLOCKS = YES;
				GCC_WARN_64_TO_32_BIT_CONVERSION = YES;
				GCC_WARN_ABOUT_RETURN_TYPE = YES_ERROR;
				GCC_WARN_UNDECLARED_SELECTOR = YES;
				GCC_WARN_UNINITIALIZED_AUTOS = YES_AGGRESSIVE;
				GCC_WARN_UNUSED_FUNCTION = YES;
				GCC_WARN_UNUSED_VARIABLE = YES;
				IPHONEOS_DEPLOYMENT_TARGET = 13.5;
				MTL_ENABLE_DEBUG_INFO = NO;
				MTL_FAST_MATH = YES;
				SDKROOT = iphoneos;
				SWIFT_COMPILATION_MODE = wholemodule;
				SWIFT_OPTIMIZATION_LEVEL = "-O";
				VALIDATE_PRODUCT = YES;
			};
			name = Release;
		};
		84954E8E24BC0E03001F5C3D /* Debug */ = {
			isa = XCBuildConfiguration;
			buildSettings = {
				ASSETCATALOG_COMPILER_APPICON_NAME = AppIcon;
				CODE_SIGN_STYLE = Automatic;
				DEVELOPMENT_ASSET_PATHS = "\"01_SwiftUI/Preview Content\"";
				DEVELOPMENT_TEAM = YEFYT2Y9CS;
				ENABLE_PREVIEWS = YES;
				INFOPLIST_FILE = 01_SwiftUI/Info.plist;
				LD_RUNPATH_SEARCH_PATHS = (
					"$(inherited)",
					"@executable_path/Frameworks",
				);
				PRODUCT_BUNDLE_IDENTIFIER = "com.goldbric.-1-SwiftUI";
				PRODUCT_NAME = "$(TARGET_NAME)";
				SWIFT_VERSION = 5.0;
				TARGETED_DEVICE_FAMILY = "1,2";
			};
			name = Debug;
		};
		84954E8F24BC0E03001F5C3D /* Release */ = {
			isa = XCBuildConfiguration;
			buildSettings = {
				ASSETCATALOG_COMPILER_APPICON_NAME = AppIcon;
				CODE_SIGN_STYLE = Automatic;
				DEVELOPMENT_ASSET_PATHS = "\"01_SwiftUI/Preview Content\"";
				DEVELOPMENT_TEAM = YEFYT2Y9CS;
				ENABLE_PREVIEWS = YES;
				INFOPLIST_FILE = 01_SwiftUI/Info.plist;
				LD_RUNPATH_SEARCH_PATHS = (
					"$(inherited)",
					"@executable_path/Frameworks",
				);
				PRODUCT_BUNDLE_IDENTIFIER = "com.goldbric.-1-SwiftUI";
				PRODUCT_NAME = "$(TARGET_NAME)";
				SWIFT_VERSION = 5.0;
				TARGETED_DEVICE_FAMILY = "1,2";
			};
			name = Release;
		};
		84954E9124BC0E03001F5C3D /* Debug */ = {
			isa = XCBuildConfiguration;
			buildSettings = {
				ALWAYS_EMBED_SWIFT_STANDARD_LIBRARIES = YES;
				BUNDLE_LOADER = "$(TEST_HOST)";
				CODE_SIGN_STYLE = Automatic;
				DEVELOPMENT_TEAM = YEFYT2Y9CS;
				INFOPLIST_FILE = 01_SwiftUITests/Info.plist;
				IPHONEOS_DEPLOYMENT_TARGET = 13.5;
				LD_RUNPATH_SEARCH_PATHS = (
					"$(inherited)",
					"@executable_path/Frameworks",
					"@loader_path/Frameworks",
				);
				PRODUCT_BUNDLE_IDENTIFIER = "com.goldbric.-1-SwiftUITests";
				PRODUCT_NAME = "$(TARGET_NAME)";
				SWIFT_VERSION = 5.0;
				TARGETED_DEVICE_FAMILY = "1,2";
				TEST_HOST = "$(BUILT_PRODUCTS_DIR)/01_SwiftUI.app/01_SwiftUI";
			};
			name = Debug;
		};
		84954E9224BC0E03001F5C3D /* Release */ = {
			isa = XCBuildConfiguration;
			buildSettings = {
				ALWAYS_EMBED_SWIFT_STANDARD_LIBRARIES = YES;
				BUNDLE_LOADER = "$(TEST_HOST)";
				CODE_SIGN_STYLE = Automatic;
				DEVELOPMENT_TEAM = YEFYT2Y9CS;
				INFOPLIST_FILE = 01_SwiftUITests/Info.plist;
				IPHONEOS_DEPLOYMENT_TARGET = 13.5;
				LD_RUNPATH_SEARCH_PATHS = (
					"$(inherited)",
					"@executable_path/Frameworks",
					"@loader_path/Frameworks",
				);
				PRODUCT_BUNDLE_IDENTIFIER = "com.goldbric.-1-SwiftUITests";
				PRODUCT_NAME = "$(TARGET_NAME)";
				SWIFT_VERSION = 5.0;
				TARGETED_DEVICE_FAMILY = "1,2";
				TEST_HOST = "$(BUILT_PRODUCTS_DIR)/01_SwiftUI.app/01_SwiftUI";
			};
			name = Release;
		};
		84954E9424BC0E03001F5C3D /* Debug */ = {
			isa = XCBuildConfiguration;
			buildSettings = {
				ALWAYS_EMBED_SWIFT_STANDARD_LIBRARIES = YES;
				CODE_SIGN_STYLE = Automatic;
				DEVELOPMENT_TEAM = YEFYT2Y9CS;
				INFOPLIST_FILE = 01_SwiftUIUITests/Info.plist;
				LD_RUNPATH_SEARCH_PATHS = (
					"$(inherited)",
					"@executable_path/Frameworks",
					"@loader_path/Frameworks",
				);
				PRODUCT_BUNDLE_IDENTIFIER = "com.goldbric.-1-SwiftUIUITests";
				PRODUCT_NAME = "$(TARGET_NAME)";
				SWIFT_VERSION = 5.0;
				TARGETED_DEVICE_FAMILY = "1,2";
				TEST_TARGET_NAME = 01_SwiftUI;
			};
			name = Debug;
		};
		84954E9524BC0E03001F5C3D /* Release */ = {
			isa = XCBuildConfiguration;
			buildSettings = {
				ALWAYS_EMBED_SWIFT_STANDARD_LIBRARIES = YES;
				CODE_SIGN_STYLE = Automatic;
				DEVELOPMENT_TEAM = YEFYT2Y9CS;
				INFOPLIST_FILE = 01_SwiftUIUITests/Info.plist;
				LD_RUNPATH_SEARCH_PATHS = (
					"$(inherited)",
					"@executable_path/Frameworks",
					"@loader_path/Frameworks",
				);
				PRODUCT_BUNDLE_IDENTIFIER = "com.goldbric.-1-SwiftUIUITests";
				PRODUCT_NAME = "$(TARGET_NAME)";
				SWIFT_VERSION = 5.0;
				TARGETED_DEVICE_FAMILY = "1,2";
				TEST_TARGET_NAME = 01_SwiftUI;
			};
			name = Release;
		};
/* End XCBuildConfiguration section */

/* Begin XCConfigurationList section */
		84954E5E24BC0E01001F5C3D /* Build configuration list for PBXProject "01_SwiftUI" */ = {
			isa = XCConfigurationList;
			buildConfigurations = (
				84954E8B24BC0E03001F5C3D /* Debug */,
				84954E8C24BC0E03001F5C3D /* Release */,
			);
			defaultConfigurationIsVisible = 0;
			defaultConfigurationName = Release;
		};
		84954E8D24BC0E03001F5C3D /* Build configuration list for PBXNativeTarget "01_SwiftUI" */ = {
			isa = XCConfigurationList;
			buildConfigurations = (
				84954E8E24BC0E03001F5C3D /* Debug */,
				84954E8F24BC0E03001F5C3D /* Release */,
			);
			defaultConfigurationIsVisible = 0;
			defaultConfigurationName = Release;
		};
		84954E9024BC0E03001F5C3D /* Build configuration list for PBXNativeTarget "01_SwiftUITests" */ = {
			isa = XCConfigurationList;
			buildConfigurations = (
				84954E9124BC0E03001F5C3D /* Debug */,
				84954E9224BC0E03001F5C3D /* Release */,
			);
			defaultConfigurationIsVisible = 0;
			defaultConfigurationName = Release;
		};
		84954E9324BC0E03001F5C3D /* Build configuration list for PBXNativeTarget "01_SwiftUIUITests" */ = {
			isa = XCConfigurationList;
			buildConfigurations = (
				84954E9424BC0E03001F5C3D /* Debug */,
				84954E9524BC0E03001F5C3D /* Release */,
			);
			defaultConfigurationIsVisible = 0;
			defaultConfigurationName = Release;
		};
/* End XCConfigurationList section */
	};
	rootObject = 84954E5B24BC0E01001F5C3D /* Project object */;
}
